// !$*UTF8*$!
{
	archiveVersion = 1;
	classes = {
	};
	objectVersion = 50;
	objects = {

/* Begin PBXBuildFile section */
		0906D1A023E192A700235DFC /* AppDelegate.swift in Sources */ = {isa = PBXBuildFile; fileRef = 0906D19F23E192A700235DFC /* AppDelegate.swift */; };
		0906D1A223E192A700235DFC /* SceneDelegate.swift in Sources */ = {isa = PBXBuildFile; fileRef = 0906D1A123E192A700235DFC /* SceneDelegate.swift */; };
		0906D1A423E192A700235DFC /* ViewController.swift in Sources */ = {isa = PBXBuildFile; fileRef = 0906D1A323E192A700235DFC /* ViewController.swift */; };
		0906D1A723E192A700235DFC /* Main.storyboard in Resources */ = {isa = PBXBuildFile; fileRef = 0906D1A523E192A700235DFC /* Main.storyboard */; };
		0906D1A923E192B200235DFC /* Assets.xcassets in Resources */ = {isa = PBXBuildFile; fileRef = 0906D1A823E192B200235DFC /* Assets.xcassets */; };
		0906D1AC23E192B200235DFC /* LaunchScreen.storyboard in Resources */ = {isa = PBXBuildFile; fileRef = 0906D1AA23E192B200235DFC /* LaunchScreen.storyboard */; };
		0906D1B423E1957900235DFC /* vistival.jpg in Resources */ = {isa = PBXBuildFile; fileRef = 0906D1B323E1957900235DFC /* vistival.jpg */; };
		0906D1B723E19FC100235DFC /* MapKit.framework in Frameworks */ = {isa = PBXBuildFile; fileRef = 0906D1B623E19FC100235DFC /* MapKit.framework */; };
		0906D1B923E1B2B900235DFC /* MapViewController.swift in Sources */ = {isa = PBXBuildFile; fileRef = 0906D1B823E1B2B900235DFC /* MapViewController.swift */; };
		0906D1BB23E1B2F100235DFC /* TableViewController.swift in Sources */ = {isa = PBXBuildFile; fileRef = 0906D1BA23E1B2F100235DFC /* TableViewController.swift */; };
		0906D1BD23E1B33A00235DFC /* HistoryViewController.swift in Sources */ = {isa = PBXBuildFile; fileRef = 0906D1BC23E1B33A00235DFC /* HistoryViewController.swift */; };
		0906D1BF23E1B3A500235DFC /* Act.swift in Sources */ = {isa = PBXBuildFile; fileRef = 0906D1BE23E1B3A500235DFC /* Act.swift */; };
		0906D1C123E1B5C600235DFC /* DataSource.swift in Sources */ = {isa = PBXBuildFile; fileRef = 0906D1C023E1B5C600235DFC /* DataSource.swift */; };
		0906D1C523E1BBF800235DFC /* TableViewCell.swift in Sources */ = {isa = PBXBuildFile; fileRef = 0906D1C423E1BBF800235DFC /* TableViewCell.swift */; };
/* End PBXBuildFile section */

/* Begin PBXFileReference section */
		0906D19C23E192A700235DFC /* iOSEindprojectTaliaDecremer.app */ = {isa = PBXFileReference; explicitFileType = wrapper.application; includeInIndex = 0; path = iOSEindprojectTaliaDecremer.app; sourceTree = BUILT_PRODUCTS_DIR; };
		0906D19F23E192A700235DFC /* AppDelegate.swift */ = {isa = PBXFileReference; lastKnownFileType = sourcecode.swift; path = AppDelegate.swift; sourceTree = "<group>"; };
		0906D1A123E192A700235DFC /* SceneDelegate.swift */ = {isa = PBXFileReference; lastKnownFileType = sourcecode.swift; path = SceneDelegate.swift; sourceTree = "<group>"; };
		0906D1A323E192A700235DFC /* ViewController.swift */ = {isa = PBXFileReference; lastKnownFileType = sourcecode.swift; path = ViewController.swift; sourceTree = "<group>"; };
		0906D1A623E192A700235DFC /* Base */ = {isa = PBXFileReference; lastKnownFileType = file.storyboard; name = Base; path = Base.lproj/Main.storyboard; sourceTree = "<group>"; };
		0906D1A823E192B200235DFC /* Assets.xcassets */ = {isa = PBXFileReference; lastKnownFileType = folder.assetcatalog; path = Assets.xcassets; sourceTree = "<group>"; };
		0906D1AB23E192B200235DFC /* Base */ = {isa = PBXFileReference; lastKnownFileType = file.storyboard; name = Base; path = Base.lproj/LaunchScreen.storyboard; sourceTree = "<group>"; };
		0906D1AD23E192B200235DFC /* Info.plist */ = {isa = PBXFileReference; lastKnownFileType = text.plist.xml; path = Info.plist; sourceTree = "<group>"; };
		0906D1B323E1957900235DFC /* vistival.jpg */ = {isa = PBXFileReference; lastKnownFileType = image.jpeg; path = vistival.jpg; sourceTree = "<group>"; };
		0906D1B623E19FC100235DFC /* MapKit.framework */ = {isa = PBXFileReference; lastKnownFileType = wrapper.framework; name = MapKit.framework; path = System/Library/Frameworks/MapKit.framework; sourceTree = SDKROOT; };
		0906D1B823E1B2B900235DFC /* MapViewController.swift */ = {isa = PBXFileReference; lastKnownFileType = sourcecode.swift; path = MapViewController.swift; sourceTree = "<group>"; };
		0906D1BA23E1B2F100235DFC /* TableViewController.swift */ = {isa = PBXFileReference; lastKnownFileType = sourcecode.swift; path = TableViewController.swift; sourceTree = "<group>"; };
		0906D1BC23E1B33A00235DFC /* HistoryViewController.swift */ = {isa = PBXFileReference; lastKnownFileType = sourcecode.swift; path = HistoryViewController.swift; sourceTree = "<group>"; };
		0906D1BE23E1B3A500235DFC /* Act.swift */ = {isa = PBXFileReference; lastKnownFileType = sourcecode.swift; path = Act.swift; sourceTree = "<group>"; };
		0906D1C023E1B5C600235DFC /* DataSource.swift */ = {isa = PBXFileReference; lastKnownFileType = sourcecode.swift; path = DataSource.swift; sourceTree = "<group>"; };
		0906D1C423E1BBF800235DFC /* TableViewCell.swift */ = {isa = PBXFileReference; lastKnownFileType = sourcecode.swift; path = TableViewCell.swift; sourceTree = "<group>"; };
/* End PBXFileReference section */

/* Begin PBXFrameworksBuildPhase section */
		0906D19923E192A700235DFC /* Frameworks */ = {
			isa = PBXFrameworksBuildPhase;
			buildActionMask = 2147483647;
			files = (
				0906D1B723E19FC100235DFC /* MapKit.framework in Frameworks */,
			);
			runOnlyForDeploymentPostprocessing = 0;
		};
/* End PBXFrameworksBuildPhase section */

/* Begin PBXGroup section */
		0906D19323E192A700235DFC = {
			isa = PBXGroup;
			children = (
				0906D19E23E192A700235DFC /* iOSEindprojectTaliaDecremer */,
				0906D19D23E192A700235DFC /* Products */,
				0906D1B523E19FC100235DFC /* Frameworks */,
			);
			sourceTree = "<group>";
		};
		0906D19D23E192A700235DFC /* Products */ = {
			isa = PBXGroup;
			children = (
				0906D19C23E192A700235DFC /* iOSEindprojectTaliaDecremer.app */,
			);
			name = Products;
			sourceTree = "<group>";
		};
		0906D19E23E192A700235DFC /* iOSEindprojectTaliaDecremer */ = {
			isa = PBXGroup;
			children = (
				0906D19F23E192A700235DFC /* AppDelegate.swift */,
				0906D1A123E192A700235DFC /* SceneDelegate.swift */,
				0906D1A323E192A700235DFC /* ViewController.swift */,
				0906D1A523E192A700235DFC /* Main.storyboard */,
				0906D1B323E1957900235DFC /* vistival.jpg */,
				0906D1A823E192B200235DFC /* Assets.xcassets */,
				0906D1AA23E192B200235DFC /* LaunchScreen.storyboard */,
				0906D1AD23E192B200235DFC /* Info.plist */,
				0906D1B823E1B2B900235DFC /* MapViewController.swift */,
				0906D1BA23E1B2F100235DFC /* TableViewController.swift */,
				0906D1BC23E1B33A00235DFC /* HistoryViewController.swift */,
				0906D1BE23E1B3A500235DFC /* Act.swift */,
				0906D1C023E1B5C600235DFC /* DataSource.swift */,
				0906D1C423E1BBF800235DFC /* TableViewCell.swift */,
			);
			path = iOSEindprojectTaliaDecremer;
			sourceTree = "<group>";
		};
		0906D1B523E19FC100235DFC /* Frameworks */ = {
			isa = PBXGroup;
			children = (
				0906D1B623E19FC100235DFC /* MapKit.framework */,
			);
			name = Frameworks;
			sourceTree = "<group>";
		};
/* End PBXGroup section */

/* Begin PBXNativeTarget section */
		0906D19B23E192A700235DFC /* iOSEindprojectTaliaDecremer */ = {
			isa = PBXNativeTarget;
			buildConfigurationList = 0906D1B023E192B200235DFC /* Build configuration list for PBXNativeTarget "iOSEindprojectTaliaDecremer" */;
			buildPhases = (
				0906D19823E192A700235DFC /* Sources */,
				0906D19923E192A700235DFC /* Frameworks */,
				0906D19A23E192A700235DFC /* Resources */,
			);
			buildRules = (
			);
			dependencies = (
			);
			name = iOSEindprojectTaliaDecremer;
			productName = iOSEindprojectTaliaDecremer;
			productReference = 0906D19C23E192A700235DFC /* iOSEindprojectTaliaDecremer.app */;
			productType = "com.apple.product-type.application";
		};
/* End PBXNativeTarget section */

/* Begin PBXProject section */
		0906D19423E192A700235DFC /* Project object */ = {
			isa = PBXProject;
			attributes = {
				LastSwiftUpdateCheck = 1130;
				LastUpgradeCheck = 1130;
				ORGANIZATIONNAME = Ehb;
				TargetAttributes = {
					0906D19B23E192A700235DFC = {
						CreatedOnToolsVersion = 11.3;
					};
				};
			};
			buildConfigurationList = 0906D19723E192A700235DFC /* Build configuration list for PBXProject "iOSEindprojectTaliaDecremer" */;
			compatibilityVersion = "Xcode 9.3";
			developmentRegion = en;
			hasScannedForEncodings = 0;
			knownRegions = (
				en,
				Base,
			);
			mainGroup = 0906D19323E192A700235DFC;
			productRefGroup = 0906D19D23E192A700235DFC /* Products */;
			projectDirPath = "";
			projectRoot = "";
			targets = (
				0906D19B23E192A700235DFC /* iOSEindprojectTaliaDecremer */,
			);
		};
/* End PBXProject section */

/* Begin PBXResourcesBuildPhase section */
		0906D19A23E192A700235DFC /* Resources */ = {
			isa = PBXResourcesBuildPhase;
			buildActionMask = 2147483647;
			files = (
				0906D1AC23E192B200235DFC /* LaunchScreen.storyboard in Resources */,
				0906D1B423E1957900235DFC /* vistival.jpg in Resources */,
				0906D1A923E192B200235DFC /* Assets.xcassets in Resources */,
				0906D1A723E192A700235DFC /* Main.storyboard in Resources */,
			);
			runOnlyForDeploymentPostprocessing = 0;
		};
/* End PBXResourcesBuildPhase section */

/* Begin PBXSourcesBuildPhase section */
		0906D19823E192A700235DFC /* Sources */ = {
			isa = PBXSourcesBuildPhase;
			buildActionMask = 2147483647;
			files = (
				0906D1A423E192A700235DFC /* ViewController.swift in Sources */,
				0906D1BF23E1B3A500235DFC /* Act.swift in Sources */,
				0906D1A023E192A700235DFC /* AppDelegate.swift in Sources */,
				0906D1C523E1BBF800235DFC /* TableViewCell.swift in Sources */,
				0906D1A223E192A700235DFC /* SceneDelegate.swift in Sources */,
				0906D1BD23E1B33A00235DFC /* HistoryViewController.swift in Sources */,
				0906D1BB23E1B2F100235DFC /* TableViewController.swift in Sources */,
				0906D1C123E1B5C600235DFC /* DataSource.swift in Sources */,
				0906D1B923E1B2B900235DFC /* MapViewController.swift in Sources */,
			);
			runOnlyForDeploymentPostprocessing = 0;
		};
/* End PBXSourcesBuildPhase section */

/* Begin PBXVariantGroup section */
		0906D1A523E192A700235DFC /* Main.storyboard */ = {
			isa = PBXVariantGroup;
			children = (
				0906D1A623E192A700235DFC /* Base */,
			);
			name = Main.storyboard;
			sourceTree = "<group>";
		};
		0906D1AA23E192B200235DFC /* LaunchScreen.storyboard */ = {
			isa = PBXVariantGroup;
			children = (
				0906D1AB23E192B200235DFC /* Base */,
			);
			name = LaunchScreen.storyboard;
			sourceTree = "<group>";
		};
/* End PBXVariantGroup section */

/* Begin XCBuildConfiguration section */
		0906D1AE23E192B200235DFC /* Debug */ = {
			isa = XCBuildConfiguration;
			buildSettings = {
				ALWAYS_SEARCH_USER_PATHS = NO;
				CLANG_ANALYZER_NONNULL = YES;
				CLANG_ANALYZER_NUMBER_OBJECT_CONVERSION = YES_AGGRESSIVE;
				CLANG_CXX_LANGUAGE_STANDARD = "gnu++14";
				CLANG_CXX_LIBRARY = "libc++";
				CLANG_ENABLE_MODULES = YES;
				CLANG_ENABLE_OBJC_ARC = YES;
				CLANG_ENABLE_OBJC_WEAK = YES;
				CLANG_WARN_BLOCK_CAPTURE_AUTORELEASING = YES;
				CLANG_WARN_BOOL_CONVERSION = YES;
				CLANG_WARN_COMMA = YES;
				CLANG_WARN_CONSTANT_CONVERSION = YES;
				CLANG_WARN_DEPRECATED_OBJC_IMPLEMENTATIONS = YES;
				CLANG_WARN_DIRECT_OBJC_ISA_USAGE = YES_ERROR;
				CLANG_WARN_DOCUMENTATION_COMMENTS = YES;
				CLANG_WARN_EMPTY_BODY = YES;
				CLANG_WARN_ENUM_CONVERSION = YES;
				CLANG_WARN_INFINITE_RECURSION = YES;
				CLANG_WARN_INT_CONVERSION = YES;
				CLANG_WARN_NON_LITERAL_NULL_CONVERSION = YES;
				CLANG_WARN_OBJC_IMPLICIT_RETAIN_SELF = YES;
				CLANG_WARN_OBJC_LITERAL_CONVERSION = YES;
				CLANG_WARN_OBJC_ROOT_CLASS = YES_ERROR;
				CLANG_WARN_RANGE_LOOP_ANALYSIS = YES;
				CLANG_WARN_STRICT_PROTOTYPES = YES;
				CLANG_WARN_SUSPICIOUS_MOVE = YES;
				CLANG_WARN_UNGUARDED_AVAILABILITY = YES_AGGRESSIVE;
				CLANG_WARN_UNREACHABLE_CODE = YES;
				CLANG_WARN__DUPLICATE_METHOD_MATCH = YES;
				COPY_PHASE_STRIP = NO;
				DEBUG_INFORMATION_FORMAT = dwarf;
				ENABLE_STRICT_OBJC_MSGSEND = YES;
				ENABLE_TESTABILITY = YES;
				GCC_C_LANGUAGE_STANDARD = gnu11;
				GCC_DYNAMIC_NO_PIC = NO;
				GCC_NO_COMMON_BLOCKS = YES;
				GCC_OPTIMIZATION_LEVEL = 0;
				GCC_PREPROCESSOR_DEFINITIONS = (
					"DEBUG=1",
					"$(inherited)",
				);
				GCC_WARN_64_TO_32_BIT_CONVERSION = YES;
				GCC_WARN_ABOUT_RETURN_TYPE = YES_ERROR;
				GCC_WARN_UNDECLARED_SELECTOR = YES;
				GCC_WARN_UNINITIALIZED_AUTOS = YES_AGGRESSIVE;
				GCC_WARN_UNUSED_FUNCTION = YES;
				GCC_WARN_UNUSED_VARIABLE = YES;
				IPHONEOS_DEPLOYMENT_TARGET = 13.2;
				MTL_ENABLE_DEBUG_INFO = INCLUDE_SOURCE;
				MTL_FAST_MATH = YES;
				ONLY_ACTIVE_ARCH = YES;
				SDKROOT = iphoneos;
				SWIFT_ACTIVE_COMPILATION_CONDITIONS = DEBUG;
				SWIFT_OPTIMIZATION_LEVEL = "-Onone";
			};
			name = Debug;
		};
		0906D1AF23E192B200235DFC /* Release */ = {
			isa = XCBuildConfiguration;
			buildSettings = {
				ALWAYS_SEARCH_USER_PATHS = NO;
				CLANG_ANALYZER_NONNULL = YES;
				CLANG_ANALYZER_NUMBER_OBJECT_CONVERSION = YES_AGGRESSIVE;
				CLANG_CXX_LANGUAGE_STANDARD = "gnu++14";
				CLANG_CXX_LIBRARY = "libc++";
				CLANG_ENABLE_MODULES = YES;
				CLANG_ENABLE_OBJC_ARC = YES;
				CLANG_ENABLE_OBJC_WEAK = YES;
				CLANG_WARN_BLOCK_CAPTURE_AUTORELEASING = YES;
				CLANG_WARN_BOOL_CONVERSION = YES;
				CLANG_WARN_COMMA = YES;
				CLANG_WARN_CONSTANT_CONVERSION = YES;
				CLANG_WARN_DEPRECATED_OBJC_IMPLEMENTATIONS = YES;
				CLANG_WARN_DIRECT_OBJC_ISA_USAGE = YES_ERROR;
				CLANG_WARN_DOCUMENTATION_COMMENTS = YES;
				CLANG_WARN_EMPTY_BODY = YES;
				CLANG_WARN_ENUM_CONVERSION = YES;
				CLANG_WARN_INFINITE_RECURSION = YES;
				CLANG_WARN_INT_CONVERSION = YES;
				CLANG_WARN_NON_LITERAL_NULL_CONVERSION = YES;
				CLANG_WARN_OBJC_IMPLICIT_RETAIN_SELF = YES;
				CLANG_WARN_OBJC_LITERAL_CONVERSION = YES;
				CLANG_WARN_OBJC_ROOT_CLASS = YES_ERROR;
				CLANG_WARN_RANGE_LOOP_ANALYSIS = YES;
				CLANG_WARN_STRICT_PROTOTYPES = YES;
				CLANG_WARN_SUSPICIOUS_MOVE = YES;
				CLANG_WARN_UNGUARDED_AVAILABILITY = YES_AGGRESSIVE;
				CLANG_WARN_UNREACHABLE_CODE = YES;
				CLANG_WARN__DUPLICATE_METHOD_MATCH = YES;
				COPY_PHASE_STRIP = NO;
				DEBUG_INFORMATION_FORMAT = "dwarf-with-dsym";
				ENABLE_NS_ASSERTIONS = NO;
				ENABLE_STRICT_OBJC_MSGSEND = YES;
				GCC_C_LANGUAGE_STANDARD = gnu11;
				GCC_NO_COMMON_BLOCKS = YES;
				GCC_WARN_64_TO_32_BIT_CONVERSION = YES;
				GCC_WARN_ABOUT_RETURN_TYPE = YES_ERROR;
				GCC_WARN_UNDECLARED_SELECTOR = YES;
				GCC_WARN_UNINITIALIZED_AUTOS = YES_AGGRESSIVE;
				GCC_WARN_UNUSED_FUNCTION = YES;
				GCC_WARN_UNUSED_VARIABLE = YES;
				IPHONEOS_DEPLOYMENT_TARGET = 13.2;
				MTL_ENABLE_DEBUG_INFO = NO;
				MTL_FAST_MATH = YES;
				SDKROOT = iphoneos;
				SWIFT_COMPILATION_MODE = wholemodule;
				SWIFT_OPTIMIZATION_LEVEL = "-O";
				VALIDATE_PRODUCT = YES;
			};
			name = Release;
		};
		0906D1B123E192B200235DFC /* Debug */ = {
			isa = XCBuildConfiguration;
			buildSettings = {
				ASSETCATALOG_COMPILER_APPICON_NAME = AppIcon;
				CODE_SIGN_STYLE = Automatic;
				INFOPLIST_FILE = iOSEindprojectTaliaDecremer/Info.plist;
				LD_RUNPATH_SEARCH_PATHS = (
					"$(inherited)",
					"@executable_path/Frameworks",
				);
				PRODUCT_BUNDLE_IDENTIFIER = be.ehb.iOSEindprojectTaliaDecremer;
				PRODUCT_NAME = "$(TARGET_NAME)";
				SWIFT_VERSION = 5.0;
				TARGETED_DEVICE_FAMILY = 1;
			};
			name = Debug;
		};
		0906D1B223E192B200235DFC /* Release */ = {
			isa = XCBuildConfiguration;
			buildSettings = {
				ASSETCATALOG_COMPILER_APPICON_NAME = AppIcon;
				CODE_SIGN_STYLE = Automatic;
				INFOPLIST_FILE = iOSEindprojectTaliaDecremer/Info.plist;
				LD_RUNPATH_SEARCH_PATHS = (
					"$(inherited)",
					"@executable_path/Frameworks",
				);
				PRODUCT_BUNDLE_IDENTIFIER = be.ehb.iOSEindprojectTaliaDecremer;
				PRODUCT_NAME = "$(TARGET_NAME)";
				SWIFT_VERSION = 5.0;
				TARGETED_DEVICE_FAMILY = 1;
			};
			name = Release;
		};
/* End XCBuildConfiguration section */

/* Begin XCConfigurationList section */
		0906D19723E192A700235DFC /* Build configuration list for PBXProject "iOSEindprojectTaliaDecremer" */ = {
			isa = XCConfigurationList;
			buildConfigurations = (
				0906D1AE23E192B200235DFC /* Debug */,
				0906D1AF23E192B200235DFC /* Release */,
			);
			defaultConfigurationIsVisible = 0;
			defaultConfigurationName = Release;
		};
		0906D1B023E192B200235DFC /* Build configuration list for PBXNativeTarget "iOSEindprojectTaliaDecremer" */ = {
			isa = XCConfigurationList;
			buildConfigurations = (
				0906D1B123E192B200235DFC /* Debug */,
				0906D1B223E192B200235DFC /* Release */,
			);
			defaultConfigurationIsVisible = 0;
			defaultConfigurationName = Release;
		};
/* End XCConfigurationList section */
	};
	rootObject = 0906D19423E192A700235DFC /* Project object */;
}
